
Microsoft Visual Studio Solution File, Format Version 12.00
# Visual Studio Version 17
VisualStudioVersion = 17.8.34511.84
MinimumVisualStudioVersion = 10.0.40219.1
Project("{FAE04EC0-301F-11D3-BF4B-00C04F79EFBC}") = "COMP003A.Assignment1", "COMP003A.Assignment1\COMP003A.Assignment1.csproj", "{98FFC6FF-7F2E-481C-A231-048000D17E00}"
EndProject
Global
	GlobalSection(SolutionConfigurationPlatforms) = preSolution
		Debug|Any CPU = Debug|Any CPU
		Release|Any CPU = Release|Any CPU
	EndGlobalSection
	GlobalSection(ProjectConfigurationPlatforms) = postSolution
		{98FFC6FF-7F2E-481C-A231-048000D17E00}.Debug|Any CPU.ActiveCfg = Debug|Any CPU
		{98FFC6FF-7F2E-481C-A231-048000D17E00}.Debug|Any CPU.Build.0 = Debug|Any CPU
		{98FFC6FF-7F2E-481C-A231-048000D17E00}.Release|Any CPU.ActiveCfg = Release|Any CPU
		{98FFC6FF-7F2E-481C-A231-048000D17E00}.Release|Any CPU.Build.0 = Release|Any CPU
	EndGlobalSection
	GlobalSection(SolutionProperties) = preSolution
		HideSolutionNode = FALSE
	EndGlobalSection
	GlobalSection(ExtensibilityGlobals) = postSolution
		SolutionGuid = {CAA96639-CACB-4912-B4C6-8BDEBFDEF643}
	EndGlobalSection
EndGlobal
